
Microsoft Visual Studio Solution File, Format Version 12.00
# Visual Studio Version 16
VisualStudioVersion = 16.0.29409.12
MinimumVisualStudioVersion = 10.0.40219.1
Project("{8BC9CEB8-8B4A-11D0-8D11-00A0C91BC942}") = "JmsCodeMesh", "JmsCodeMesh.vcxproj", "{7802491A-B78E-4E9F-B936-1DC650AE0B68}"
EndProject
Global
	GlobalSection(SolutionConfigurationPlatforms) = preSolution
		Debug|x64 = Debug|x64
		Debug|x86 = Debug|x86
		Release|x64 = Release|x64
		Release|x86 = Release|x86
	EndGlobalSection
	GlobalSection(ProjectConfigurationPlatforms) = postSolution
		{7802491A-B78E-4E9F-B936-1DC650AE0B68}.Debug|x64.ActiveCfg = Debug|x64
		{7802491A-B78E-4E9F-B936-1DC650AE0B68}.Debug|x64.Build.0 = Debug|x64
		{7802491A-B78E-4E9F-B936-1DC650AE0B68}.Debug|x86.ActiveCfg = Debug|Win32
		{7802491A-B78E-4E9F-B936-1DC650AE0B68}.Debug|x86.Build.0 = Debug|Win32
		{7802491A-B78E-4E9F-B936-1DC650AE0B68}.Release|x64.ActiveCfg = Release|x64
		{7802491A-B78E-4E9F-B936-1DC650AE0B68}.Release|x64.Build.0 = Release|x64
		{7802491A-B78E-4E9F-B936-1DC650AE0B68}.Release|x86.ActiveCfg = Release|Win32
		{7802491A-B78E-4E9F-B936-1DC650AE0B68}.Release|x86.Build.0 = Release|Win32
	EndGlobalSection
	GlobalSection(SolutionProperties) = preSolution
		HideSolutionNode = FALSE
	EndGlobalSection
	GlobalSection(ExtensibilityGlobals) = postSolution
		SolutionGuid = {8DEC82E3-9DD7-4A71-839D-E7E091BB5F94}
	EndGlobalSection
EndGlobal
